{
  "name": "gratia-backend",
  "version": "1.0.0",
  "lockfileVersion": 1,
  "requires": true,
  "dependencies": {
    "dotenv": {
      "version": "10.0.0",
      "resolved": "https://registry.npmjs.org/dotenv/-/dotenv-10.0.0.tgz",
      "integrity": "sha512-rlBi9d8jpv9Sf1klPjNfFAuWDjKLwTIJJ/VxtoTwIR6hnZxcEOQCZg2oIL3MWBYw5GpUDKOEnND7LXTbIpQ03Q=="
    },
    "express-async-errors": {
      "version": "3.1.1",
      "resolved": "https://registry.npmjs.org/express-async-errors/-/express-async-errors-3.1.1.tgz",
      "integrity": "sha512-h6aK1da4tpqWSbyCa3FxB/V6Ehd4EEB15zyQq9qe75OZBp0krinNKuH4rAY+S/U/2I36vdLAUFSjQJ+TFmODng=="
    },
    "lodash.foreach": {
      "version": "4.5.0",
      "resolved": "https://registry.npmjs.org/lodash.foreach/-/lodash.foreach-4.5.0.tgz",
      "integrity": "sha1-Gmo16s5AEoDH8G3d7DUWWrJ+PlM="
    },
    "lodash.get": {
      "version": "4.4.2",
      "resolved": "https://registry.npmjs.org/lodash.get/-/lodash.get-4.4.2.tgz",
      "integrity": "sha1-LRd/ZS+jHpObRDjVNBSZ36OCXpk="
    },
    "mongoose-unique-validator": {
      "version": "2.0.3",
      "resolved": "https://registry.npmjs.org/mongoose-unique-validator/-/mongoose-unique-validator-2.0.3.tgz",
      "integrity": "sha512-3/8pmvAC1acBZS6eWKAWQUiZBlARE1wyWtjga4iQ2wDJeOfRlIKmAvTNHSZXKaAf7RCRUd7wh7as6yWAOrjpQg==",
      "requires": {
        "lodash.foreach": "^4.1.0",
        "lodash.get": "^4.0.2"
      }
    }
  }
}
